
Microsoft Visual Studio Solution File, Format Version 12.00
# Visual Studio 2012
Project("{FAE04EC0-301F-11D3-BF4B-00C04F79EFBC}") = "ProjectTasis", "ProjectTasis\ProjectTasis.csproj", "{261F0527-2D1B-420C-ABF6-65BEFB172A03}"
EndProject
Global
	GlobalSection(SolutionConfigurationPlatforms) = preSolution
		Debug|Any CPU = Debug|Any CPU
		Release|Any CPU = Release|Any CPU
	EndGlobalSection
	GlobalSection(ProjectConfigurationPlatforms) = postSolution
		{261F0527-2D1B-420C-ABF6-65BEFB172A03}.Debug|Any CPU.ActiveCfg = Debug|Any CPU
		{261F0527-2D1B-420C-ABF6-65BEFB172A03}.Debug|Any CPU.Build.0 = Debug|Any CPU
		{261F0527-2D1B-420C-ABF6-65BEFB172A03}.Release|Any CPU.ActiveCfg = Release|Any CPU
		{261F0527-2D1B-420C-ABF6-65BEFB172A03}.Release|Any CPU.Build.0 = Release|Any CPU
	EndGlobalSection
	GlobalSection(SolutionProperties) = preSolution
		HideSolutionNode = FALSE
	EndGlobalSection
EndGlobal
